{
  "name": "hotdevserver",
  "version": "1.0.0",
  "lockfileVersion": 3,
  "requires": true,
  "packages": {
    "": {
      "name": "hotdevserver",
      "version": "1.0.0",
      "license": "Unlicense",
      "bin": {
        "hotdevserver": "hotdevserver.js"
      },
      "engines": {
        "node": ">=20"
      }
    }
  }
}
